
Microsoft Visual Studio Solution File, Format Version 12.00
# Visual Studio Version 17
VisualStudioVersion = 17.4.33205.214
MinimumVisualStudioVersion = 10.0.40219.1
Project("{FAE04EC0-301F-11D3-BF4B-00C04F79EFBC}") = "TODAY26.12.22-11.08am", "TODAY26.12.22-11.08am\TODAY26.12.22-11.08am.csproj", "{EA25553F-9CBD-49FB-AC26-3F1EFD2676F4}"
EndProject
Global
	GlobalSection(SolutionConfigurationPlatforms) = preSolution
		Debug|Any CPU = Debug|Any CPU
		Release|Any CPU = Release|Any CPU
	EndGlobalSection
	GlobalSection(ProjectConfigurationPlatforms) = postSolution
		{EA25553F-9CBD-49FB-AC26-3F1EFD2676F4}.Debug|Any CPU.ActiveCfg = Debug|Any CPU
		{EA25553F-9CBD-49FB-AC26-3F1EFD2676F4}.Debug|Any CPU.Build.0 = Debug|Any CPU
		{EA25553F-9CBD-49FB-AC26-3F1EFD2676F4}.Release|Any CPU.ActiveCfg = Release|Any CPU
		{EA25553F-9CBD-49FB-AC26-3F1EFD2676F4}.Release|Any CPU.Build.0 = Release|Any CPU
	EndGlobalSection
	GlobalSection(SolutionProperties) = preSolution
		HideSolutionNode = FALSE
	EndGlobalSection
	GlobalSection(ExtensibilityGlobals) = postSolution
		SolutionGuid = {2EFF5CF3-E606-48A0-B467-26EDE97E264C}
	EndGlobalSection
EndGlobal
